
Microsoft Visual Studio Solution File, Format Version 12.00
# Visual Studio Version 17
VisualStudioVersion = 17.1.32210.238
MinimumVisualStudioVersion = 10.0.40219.1
Project("{888888A0-9F3D-457C-B088-3A5042F75D52}") = "DocumentsAnalysis", "DocumentsAnalysis\DocumentsAnalysis.pyproj", "{7C7EE762-BBB8-422D-9ACF-2F830C41BDF9}"
EndProject
Global
	GlobalSection(SolutionConfigurationPlatforms) = preSolution
		Debug|Any CPU = Debug|Any CPU
		Release|Any CPU = Release|Any CPU
	EndGlobalSection
	GlobalSection(ProjectConfigurationPlatforms) = postSolution
		{7C7EE762-BBB8-422D-9ACF-2F830C41BDF9}.Debug|Any CPU.ActiveCfg = Debug|Any CPU
		{7C7EE762-BBB8-422D-9ACF-2F830C41BDF9}.Release|Any CPU.ActiveCfg = Release|Any CPU
	EndGlobalSection
	GlobalSection(SolutionProperties) = preSolution
		HideSolutionNode = FALSE
	EndGlobalSection
	GlobalSection(ExtensibilityGlobals) = postSolution
		SolutionGuid = {103C1E14-242D-4412-A6C6-E782F2928C37}
	EndGlobalSection
EndGlobal
